// !$*UTF8*$!
{
	archiveVersion = 1;
	classes = {
	};
	objectVersion = 46;
	objects = {

/* Begin PBXBuildFile section */
		A195E42E1A7D731C005365F4 /* main.m in Sources */ = {isa = PBXBuildFile; fileRef = A195E42D1A7D731C005365F4 /* main.m */; };
		A195E4311A7D731C005365F4 /* AppDelegate.m in Sources */ = {isa = PBXBuildFile; fileRef = A195E4301A7D731C005365F4 /* AppDelegate.m */; };
		A195E4341A7D731C005365F4 /* ViewController.m in Sources */ = {isa = PBXBuildFile; fileRef = A195E4331A7D731C005365F4 /* ViewController.m */; };
		A195E4371A7D731C005365F4 /* Main.storyboard in Resources */ = {isa = PBXBuildFile; fileRef = A195E4351A7D731C005365F4 /* Main.storyboard */; };
		A195E4391A7D731C005365F4 /* Images.xcassets in Resources */ = {isa = PBXBuildFile; fileRef = A195E4381A7D731C005365F4 /* Images.xcassets */; };
		A195E43C1A7D731C005365F4 /* LaunchScreen.xib in Resources */ = {isa = PBXBuildFile; fileRef = A195E43A1A7D731C005365F4 /* LaunchScreen.xib */; };
		A195E4481A7D731D005365F4 /* SectionHeaderTestTests.m in Sources */ = {isa = PBXBuildFile; fileRef = A195E4471A7D731D005365F4 /* SectionHeaderTestTests.m */; };
/* End PBXBuildFile section */

/* Begin PBXContainerItemProxy section */
		A195E4421A7D731D005365F4 /* PBXContainerItemProxy */ = {
			isa = PBXContainerItemProxy;
			containerPortal = A195E4201A7D731C005365F4 /* Project object */;
			proxyType = 1;
			remoteGlobalIDString = A195E4271A7D731C005365F4;
			remoteInfo = SectionHeaderTest;
		};
/* End PBXContainerItemProxy section */

/* Begin PBXFileReference section */
		A195E4281A7D731C005365F4 /* SectionHeaderTest.app */ = {isa = PBXFileReference; explicitFileType = wrapper.application; includeInIndex = 0; path = SectionHeaderTest.app; sourceTree = BUILT_PRODUCTS_DIR; };
		A195E42C1A7D731C005365F4 /* Info.plist */ = {isa = PBXFileReference; lastKnownFileType = text.plist.xml; path = Info.plist; sourceTree = "<group>"; };
		A195E42D1A7D731C005365F4 /* main.m */ = {isa = PBXFileReference; lastKnownFileType = sourcecode.c.objc; path = main.m; sourceTree = "<group>"; };
		A195E42F1A7D731C005365F4 /* AppDelegate.h */ = {isa = PBXFileReference; lastKnownFileType = sourcecode.c.h; path = AppDelegate.h; sourceTree = "<group>"; };
		A195E4301A7D731C005365F4 /* AppDelegate.m */ = {isa = PBXFileReference; lastKnownFileType = sourcecode.c.objc; path = AppDelegate.m; sourceTree = "<group>"; };
		A195E4321A7D731C005365F4 /* ViewController.h */ = {isa = PBXFileReference; lastKnownFileType = sourcecode.c.h; path = ViewController.h; sourceTree = "<group>"; };
		A195E4331A7D731C005365F4 /* ViewController.m */ = {isa = PBXFileReference; lastKnownFileType = sourcecode.c.objc; path = ViewController.m; sourceTree = "<group>"; };
		A195E4361A7D731C005365F4 /* Base */ = {isa = PBXFileReference; lastKnownFileType = file.storyboard; name = Base; path = Base.lproj/Main.storyboard; sourceTree = "<group>"; };
		A195E4381A7D731C005365F4 /* Images.xcassets */ = {isa = PBXFileReference; lastKnownFileType = folder.assetcatalog; path = Images.xcassets; sourceTree = "<group>"; };
		A195E43B1A7D731C005365F4 /* Base */ = {isa = PBXFileReference; lastKnownFileType = file.xib; name = Base; path = Base.lproj/LaunchScreen.xib; sourceTree = "<group>"; };
		A195E4411A7D731D005365F4 /* SectionHeaderTestTests.xctest */ = {isa = PBXFileReference; explicitFileType = wrapper.cfbundle; includeInIndex = 0; path = SectionHeaderTestTests.xctest; sourceTree = BUILT_PRODUCTS_DIR; };
		A195E4461A7D731D005365F4 /* Info.plist */ = {isa = PBXFileReference; lastKnownFileType = text.plist.xml; path = Info.plist; sourceTree = "<group>"; };
		A195E4471A7D731D005365F4 /* SectionHeaderTestTests.m */ = {isa = PBXFileReference; lastKnownFileType = sourcecode.c.objc; path = SectionHeaderTestTests.m; sourceTree = "<group>"; };
/* End PBXFileReference section */

/* Begin PBXFrameworksBuildPhase section */
		A195E4251A7D731C005365F4 /* Frameworks */ = {
			isa = PBXFrameworksBuildPhase;
			buildActionMask = 2147483647;
			files = (
			);
			runOnlyForDeploymentPostprocessing = 0;
		};
		A195E43E1A7D731D005365F4 /* Frameworks */ = {
			isa = PBXFrameworksBuildPhase;
			buildActionMask = 2147483647;
			files = (
			);
			runOnlyForDeploymentPostprocessing = 0;
		};
/* End PBXFrameworksBuildPhase section */

/* Begin PBXGroup section */
		A195E41F1A7D731C005365F4 = {
			isa = PBXGroup;
			children = (
				A195E42A1A7D731C005365F4 /* SectionHeaderTest */,
				A195E4441A7D731D005365F4 /* SectionHeaderTestTests */,
				A195E4291A7D731C005365F4 /* Products */,
			);
			sourceTree = "<group>";
		};
		A195E4291A7D731C005365F4 /* Products */ = {
			isa = PBXGroup;
			children = (
				A195E4281A7D731C005365F4 /* SectionHeaderTest.app */,
				A195E4411A7D731D005365F4 /* SectionHeaderTestTests.xctest */,
			);
			name = Products;
			sourceTree = "<group>";
		};
		A195E42A1A7D731C005365F4 /* SectionHeaderTest */ = {
			isa = PBXGroup;
			children = (
				A195E42F1A7D731C005365F4 /* AppDelegate.h */,
				A195E4301A7D731C005365F4 /* AppDelegate.m */,
				A195E4321A7D731C005365F4 /* ViewController.h */,
				A195E4331A7D731C005365F4 /* ViewController.m */,
				A195E4351A7D731C005365F4 /* Main.storyboard */,
				A195E4381A7D731C005365F4 /* Images.xcassets */,
				A195E43A1A7D731C005365F4 /* LaunchScreen.xib */,
				A195E42B1A7D731C005365F4 /* Supporting Files */,
			);
			path = SectionHeaderTest;
			sourceTree = "<group>";
		};
		A195E42B1A7D731C005365F4 /* Supporting Files */ = {
			isa = PBXGroup;
			children = (
				A195E42C1A7D731C005365F4 /* Info.plist */,
				A195E42D1A7D731C005365F4 /* main.m */,
			);
			name = "Supporting Files";
			sourceTree = "<group>";
		};
		A195E4441A7D731D005365F4 /* SectionHeaderTestTests */ = {
			isa = PBXGroup;
			children = (
				A195E4471A7D731D005365F4 /* SectionHeaderTestTests.m */,
				A195E4451A7D731D005365F4 /* Supporting Files */,
			);
			path = SectionHeaderTestTests;
			sourceTree = "<group>";
		};
		A195E4451A7D731D005365F4 /* Supporting Files */ = {
			isa = PBXGroup;
			children = (
				A195E4461A7D731D005365F4 /* Info.plist */,
			);
			name = "Supporting Files";
			sourceTree = "<group>";
		};
/* End PBXGroup section */

/* Begin PBXNativeTarget section */
		A195E4271A7D731C005365F4 /* SectionHeaderTest */ = {
			isa = PBXNativeTarget;
			buildConfigurationList = A195E44B1A7D731D005365F4 /* Build configuration list for PBXNativeTarget "SectionHeaderTest" */;
			buildPhases = (
				A195E4241A7D731C005365F4 /* Sources */,
				A195E4251A7D731C005365F4 /* Frameworks */,
				A195E4261A7D731C005365F4 /* Resources */,
			);
			buildRules = (
			);
			dependencies = (
			);
			name = SectionHeaderTest;
			productName = SectionHeaderTest;
			productReference = A195E4281A7D731C005365F4 /* SectionHeaderTest.app */;
			productType = "com.apple.product-type.application";
		};
		A195E4401A7D731D005365F4 /* SectionHeaderTestTests */ = {
			isa = PBXNativeTarget;
			buildConfigurationList = A195E44E1A7D731D005365F4 /* Build configuration list for PBXNativeTarget "SectionHeaderTestTests" */;
			buildPhases = (
				A195E43D1A7D731D005365F4 /* Sources */,
				A195E43E1A7D731D005365F4 /* Frameworks */,
				A195E43F1A7D731D005365F4 /* Resources */,
			);
			buildRules = (
			);
			dependencies = (
				A195E4431A7D731D005365F4 /* PBXTargetDependency */,
			);
			name = SectionHeaderTestTests;
			productName = SectionHeaderTestTests;
			productReference = A195E4411A7D731D005365F4 /* SectionHeaderTestTests.xctest */;
			productType = "com.apple.product-type.bundle.unit-test";
		};
/* End PBXNativeTarget section */

/* Begin PBXProject section */
		A195E4201A7D731C005365F4 /* Project object */ = {
			isa = PBXProject;
			attributes = {
				LastUpgradeCheck = 0610;
				ORGANIZATIONNAME = "NetSMART Enterprises";
				TargetAttributes = {
					A195E4271A7D731C005365F4 = {
						CreatedOnToolsVersion = 6.1.1;
					};
					A195E4401A7D731D005365F4 = {
						CreatedOnToolsVersion = 6.1.1;
						TestTargetID = A195E4271A7D731C005365F4;
					};
				};
			};
			buildConfigurationList = A195E4231A7D731C005365F4 /* Build configuration list for PBXProject "SectionHeaderTest" */;
			compatibilityVersion = "Xcode 3.2";
			developmentRegion = English;
			hasScannedForEncodings = 0;
			knownRegions = (
				en,
				Base,
			);
			mainGroup = A195E41F1A7D731C005365F4;
			productRefGroup = A195E4291A7D731C005365F4 /* Products */;
			projectDirPath = "";
			projectRoot = "";
			targets = (
				A195E4271A7D731C005365F4 /* SectionHeaderTest */,
				A195E4401A7D731D005365F4 /* SectionHeaderTestTests */,
			);
		};
/* End PBXProject section */

/* Begin PBXResourcesBuildPhase section */
		A195E4261A7D731C005365F4 /* Resources */ = {
			isa = PBXResourcesBuildPhase;
			buildActionMask = 2147483647;
			files = (
				A195E4371A7D731C005365F4 /* Main.storyboard in Resources */,
				A195E43C1A7D731C005365F4 /* LaunchScreen.xib in Resources */,
				A195E4391A7D731C005365F4 /* Images.xcassets in Resources */,
			);
			runOnlyForDeploymentPostprocessing = 0;
		};
		A195E43F1A7D731D005365F4 /* Resources */ = {
			isa = PBXResourcesBuildPhase;
			buildActionMask = 2147483647;
			files = (
			);
			runOnlyForDeploymentPostprocessing = 0;
		};
/* End PBXResourcesBuildPhase section */

/* Begin PBXSourcesBuildPhase section */
		A195E4241A7D731C005365F4 /* Sources */ = {
			isa = PBXSourcesBuildPhase;
			buildActionMask = 2147483647;
			files = (
				A195E4341A7D731C005365F4 /* ViewController.m in Sources */,
				A195E4311A7D731C005365F4 /* AppDelegate.m in Sources */,
				A195E42E1A7D731C005365F4 /* main.m in Sources */,
			);
			runOnlyForDeploymentPostprocessing = 0;
		};
		A195E43D1A7D731D005365F4 /* Sources */ = {
			isa = PBXSourcesBuildPhase;
			buildActionMask = 2147483647;
			files = (
				A195E4481A7D731D005365F4 /* SectionHeaderTestTests.m in Sources */,
			);
			runOnlyForDeploymentPostprocessing = 0;
		};
/* End PBXSourcesBuildPhase section */

/* Begin PBXTargetDependency section */
		A195E4431A7D731D005365F4 /* PBXTargetDependency */ = {
			isa = PBXTargetDependency;
			target = A195E4271A7D731C005365F4 /* SectionHeaderTest */;
			targetProxy = A195E4421A7D731D005365F4 /* PBXContainerItemProxy */;
		};
/* End PBXTargetDependency section */

/* Begin PBXVariantGroup section */
		A195E4351A7D731C005365F4 /* Main.storyboard */ = {
			isa = PBXVariantGroup;
			children = (
				A195E4361A7D731C005365F4 /* Base */,
			);
			name = Main.storyboard;
			sourceTree = "<group>";
		};
		A195E43A1A7D731C005365F4 /* LaunchScreen.xib */ = {
			isa = PBXVariantGroup;
			children = (
				A195E43B1A7D731C005365F4 /* Base */,
			);
			name = LaunchScreen.xib;
			sourceTree = "<group>";
		};
/* End PBXVariantGroup section */

/* Begin XCBuildConfiguration section */
		A195E4491A7D731D005365F4 /* Debug */ = {
			isa = XCBuildConfiguration;
			buildSettings = {
				ALWAYS_SEARCH_USER_PATHS = NO;
				CLANG_CXX_LANGUAGE_STANDARD = "gnu++0x";
				CLANG_CXX_LIBRARY = "libc++";
				CLANG_ENABLE_MODULES = YES;
				CLANG_ENABLE_OBJC_ARC = YES;
				CLANG_WARN_BOOL_CONVERSION = YES;
				CLANG_WARN_CONSTANT_CONVERSION = YES;
				CLANG_WARN_DIRECT_OBJC_ISA_USAGE = YES_ERROR;
				CLANG_WARN_EMPTY_BODY = YES;
				CLANG_WARN_ENUM_CONVERSION = YES;
				CLANG_WARN_INT_CONVERSION = YES;
				CLANG_WARN_OBJC_ROOT_CLASS = YES_ERROR;
				CLANG_WARN_UNREACHABLE_CODE = YES;
				CLANG_WARN__DUPLICATE_METHOD_MATCH = YES;
				"CODE_SIGN_IDENTITY[sdk=iphoneos*]" = "iPhone Developer";
				COPY_PHASE_STRIP = NO;
				ENABLE_STRICT_OBJC_MSGSEND = YES;
				GCC_C_LANGUAGE_STANDARD = gnu99;
				GCC_DYNAMIC_NO_PIC = NO;
				GCC_OPTIMIZATION_LEVEL = 0;
				GCC_PREPROCESSOR_DEFINITIONS = (
					"DEBUG=1",
					"$(inherited)",
				);
				GCC_SYMBOLS_PRIVATE_EXTERN = NO;
				GCC_WARN_64_TO_32_BIT_CONVERSION = YES;
				GCC_WARN_ABOUT_RETURN_TYPE = YES_ERROR;
				GCC_WARN_UNDECLARED_SELECTOR = YES;
				GCC_WARN_UNINITIALIZED_AUTOS = YES_AGGRESSIVE;
				GCC_WARN_UNUSED_FUNCTION = YES;
				GCC_WARN_UNUSED_VARIABLE = YES;
				IPHONEOS_DEPLOYMENT_TARGET = 8.1;
				MTL_ENABLE_DEBUG_INFO = YES;
				ONLY_ACTIVE_ARCH = YES;
				SDKROOT = iphoneos;
				TARGETED_DEVICE_FAMILY = "1,2";
			};
			name = Debug;
		};
		A195E44A1A7D731D005365F4 /* Release */ = {
			isa = XCBuildConfiguration;
			buildSettings = {
				ALWAYS_SEARCH_USER_PATHS = NO;
				CLANG_CXX_LANGUAGE_STANDARD = "gnu++0x";
				CLANG_CXX_LIBRARY = "libc++";
				CLANG_ENABLE_MODULES = YES;
				CLANG_ENABLE_OBJC_ARC = YES;
				CLANG_WARN_BOOL_CONVERSION = YES;
				CLANG_WARN_CONSTANT_CONVERSION = YES;
				CLANG_WARN_DIRECT_OBJC_ISA_USAGE = YES_ERROR;
				CLANG_WARN_EMPTY_BODY = YES;
				CLANG_WARN_ENUM_CONVERSION = YES;
				CLANG_WARN_INT_CONVERSION = YES;
				CLANG_WARN_OBJC_ROOT_CLASS = YES_ERROR;
				CLANG_WARN_UNREACHABLE_CODE = YES;
				CLANG_WARN__DUPLICATE_METHOD_MATCH = YES;
				"CODE_SIGN_IDENTITY[sdk=iphoneos*]" = "iPhone Developer";
				COPY_PHASE_STRIP = YES;
				ENABLE_NS_ASSERTIONS = NO;
				ENABLE_STRICT_OBJC_MSGSEND = YES;
				GCC_C_LANGUAGE_STANDARD = gnu99;
				GCC_WARN_64_TO_32_BIT_CONVERSION = YES;
				GCC_WARN_ABOUT_RETURN_TYPE = YES_ERROR;
				GCC_WARN_UNDECLARED_SELECTOR = YES;
				GCC_WARN_UNINITIALIZED_AUTOS = YES_AGGRESSIVE;
				GCC_WARN_UNUSED_FUNCTION = YES;
				GCC_WARN_UNUSED_VARIABLE = YES;
				IPHONEOS_DEPLOYMENT_TARGET = 8.1;
				MTL_ENABLE_DEBUG_INFO = NO;
				SDKROOT = iphoneos;
				TARGETED_DEVICE_FAMILY = "1,2";
				VALIDATE_PRODUCT = YES;
			};
			name = Release;
		};
		A195E44C1A7D731D005365F4 /* Debug */ = {
			isa = XCBuildConfiguration;
			buildSettings = {
				ASSETCATALOG_COMPILER_APPICON_NAME = AppIcon;
				INFOPLIST_FILE = SectionHeaderTest/Info.plist;
				LD_RUNPATH_SEARCH_PATHS = "$(inherited) @executable_path/Frameworks";
				PRODUCT_NAME = "$(TARGET_NAME)";
			};
			name = Debug;
		};
		A195E44D1A7D731D005365F4 /* Release */ = {
			isa = XCBuildConfiguration;
			buildSettings = {
				ASSETCATALOG_COMPILER_APPICON_NAME = AppIcon;
				INFOPLIST_FILE = SectionHeaderTest/Info.plist;
				LD_RUNPATH_SEARCH_PATHS = "$(inherited) @executable_path/Frameworks";
				PRODUCT_NAME = "$(TARGET_NAME)";
			};
			name = Release;
		};
		A195E44F1A7D731D005365F4 /* Debug */ = {
			isa = XCBuildConfiguration;
			buildSettings = {
				BUNDLE_LOADER = "$(TEST_HOST)";
				FRAMEWORK_SEARCH_PATHS = (
					"$(SDKROOT)/Developer/Library/Frameworks",
					"$(inherited)",
				);
				GCC_PREPROCESSOR_DEFINITIONS = (
					"DEBUG=1",
					"$(inherited)",
				);
				INFOPLIST_FILE = SectionHeaderTestTests/Info.plist;
				LD_RUNPATH_SEARCH_PATHS = "$(inherited) @executable_path/Frameworks @loader_path/Frameworks";
				PRODUCT_NAME = "$(TARGET_NAME)";
				TEST_HOST = "$(BUILT_PRODUCTS_DIR)/SectionHeaderTest.app/SectionHeaderTest";
			};
			name = Debug;
		};
		A195E4501A7D731D005365F4 /* Release */ = {
			isa = XCBuildConfiguration;
			buildSettings = {
				BUNDLE_LOADER = "$(TEST_HOST)";
				FRAMEWORK_SEARCH_PATHS = (
					"$(SDKROOT)/Developer/Library/Frameworks",
					"$(inherited)",
				);
				INFOPLIST_FILE = SectionHeaderTestTests/Info.plist;
				LD_RUNPATH_SEARCH_PATHS = "$(inherited) @executable_path/Frameworks @loader_path/Frameworks";
				PRODUCT_NAME = "$(TARGET_NAME)";
				TEST_HOST = "$(BUILT_PRODUCTS_DIR)/SectionHeaderTest.app/SectionHeaderTest";
			};
			name = Release;
		};
/* End XCBuildConfiguration section */

/* Begin XCConfigurationList section */
		A195E4231A7D731C005365F4 /* Build configuration list for PBXProject "SectionHeaderTest" */ = {
			isa = XCConfigurationList;
			buildConfigurations = (
				A195E4491A7D731D005365F4 /* Debug */,
				A195E44A1A7D731D005365F4 /* Release */,
			);
			defaultConfigurationIsVisible = 0;
			defaultConfigurationName = Release;
		};
		A195E44B1A7D731D005365F4 /* Build configuration list for PBXNativeTarget "SectionHeaderTest" */ = {
			isa = XCConfigurationList;
			buildConfigurations = (
				A195E44C1A7D731D005365F4 /* Debug */,
				A195E44D1A7D731D005365F4 /* Release */,
			);
			defaultConfigurationIsVisible = 0;
		};
		A195E44E1A7D731D005365F4 /* Build configuration list for PBXNativeTarget "SectionHeaderTestTests" */ = {
			isa = XCConfigurationList;
			buildConfigurations = (
				A195E44F1A7D731D005365F4 /* Debug */,
				A195E4501A7D731D005365F4 /* Release */,
			);
			defaultConfigurationIsVisible = 0;
		};
/* End XCConfigurationList section */
	};
	rootObject = A195E4201A7D731C005365F4 /* Project object */;
}
